
Microsoft Visual Studio Solution File, Format Version 12.00
# Visual Studio Version 16
VisualStudioVersion = 16.0.30204.135
MinimumVisualStudioVersion = 10.0.40219.1
Project("{F2A71F9B-5D33-465A-A702-920D77279786}") = "expertfs4", "expertfs4\expertfs4.fsproj", "{6BB6AD1B-A463-4EE8-ACE2-F9E3E23178A8}"
EndProject
Project("{F2A71F9B-5D33-465A-A702-920D77279786}") = "chap10", "chap10\chap10.fsproj", "{1C36E542-4328-407A-829B-4CD84D9E0592}"
EndProject
Global
	GlobalSection(SolutionConfigurationPlatforms) = preSolution
		Debug|Any CPU = Debug|Any CPU
		Release|Any CPU = Release|Any CPU
	EndGlobalSection
	GlobalSection(ProjectConfigurationPlatforms) = postSolution
		{6BB6AD1B-A463-4EE8-ACE2-F9E3E23178A8}.Debug|Any CPU.ActiveCfg = Debug|Any CPU
		{6BB6AD1B-A463-4EE8-ACE2-F9E3E23178A8}.Debug|Any CPU.Build.0 = Debug|Any CPU
		{6BB6AD1B-A463-4EE8-ACE2-F9E3E23178A8}.Release|Any CPU.ActiveCfg = Release|Any CPU
		{6BB6AD1B-A463-4EE8-ACE2-F9E3E23178A8}.Release|Any CPU.Build.0 = Release|Any CPU
		{1C36E542-4328-407A-829B-4CD84D9E0592}.Debug|Any CPU.ActiveCfg = Debug|Any CPU
		{1C36E542-4328-407A-829B-4CD84D9E0592}.Debug|Any CPU.Build.0 = Debug|Any CPU
		{1C36E542-4328-407A-829B-4CD84D9E0592}.Release|Any CPU.ActiveCfg = Release|Any CPU
		{1C36E542-4328-407A-829B-4CD84D9E0592}.Release|Any CPU.Build.0 = Release|Any CPU
	EndGlobalSection
	GlobalSection(SolutionProperties) = preSolution
		HideSolutionNode = FALSE
	EndGlobalSection
	GlobalSection(ExtensibilityGlobals) = postSolution
		SolutionGuid = {1D47FD0F-595D-45E8-AF08-E2F671A9D091}
	EndGlobalSection
EndGlobal
